{
  "name": "karma-clear-screen",
  "version": "1.0.1",
  "lockfileVersion": 1,
  "requires": true,
  "dependencies": {
    "ntypescript": {
      "version": "1.201706190042.1",
      "resolved": "https://registry.npmjs.org/ntypescript/-/ntypescript-1.201706190042.1.tgz",
      "integrity": "sha1-hmrpzDZoixQWBhVu0LzDXN9TYnE="
    }
  }
}
